
Microsoft Visual Studio Solution File, Format Version 12.00
# Visual Studio Version 17
VisualStudioVersion = 17.13.35825.156
MinimumVisualStudioVersion = 10.0.40219.1
Project("{2150E333-8FDC-42A3-9474-1A3956D46DE8}") = "Solution Items", "Solution Items", "{8EC462FD-D22E-90A8-E5CE-7E832BA40C5D}"
	ProjectSection(SolutionItems) = preProject
		.editorconfig = .editorconfig
		CopyLibraryToUnity.bat = CopyLibraryToUnity.bat
		Directory.Build.props = Directory.Build.props
		LICENSE = LICENSE
		TODOS.md = TODOS.md
	EndProjectSection
EndProject
Project("{FAE04EC0-301F-11D3-BF4B-00C04F79EFBC}") = "FactoryModel", "FactoryModel\FactoryModel.csproj", "{3FCE7BE1-8120-0F41-9BCC-7DB0A40139FE}"
EndProject
Project("{E24C65DC-7377-472B-9ABA-BC803B73C61A}") = "_developers", "_developers\", "{F637263A-CAED-2B20-5A6E-EC202425A037}"
	ProjectSection(WebsiteProperties) = preProject
		TargetFrameworkMoniker = ".NETFramework,Version%3Dv4.8"
		Debug.AspNetCompiler.VirtualPath = "/localhost_54422"
		Debug.AspNetCompiler.PhysicalPath = "_developers\"
		Debug.AspNetCompiler.TargetPath = "PrecompiledWeb\localhost_54422\"
		Debug.AspNetCompiler.Updateable = "true"
		Debug.AspNetCompiler.ForceOverwrite = "true"
		Debug.AspNetCompiler.FixedNames = "false"
		Debug.AspNetCompiler.Debug = "True"
		Release.AspNetCompiler.VirtualPath = "/localhost_54422"
		Release.AspNetCompiler.PhysicalPath = "_developers\"
		Release.AspNetCompiler.TargetPath = "PrecompiledWeb\localhost_54422\"
		Release.AspNetCompiler.Updateable = "true"
		Release.AspNetCompiler.ForceOverwrite = "true"
		Release.AspNetCompiler.FixedNames = "false"
		Release.AspNetCompiler.Debug = "False"
		VWDPort = "54422"
		SlnRelativePath = "_developers\"
	EndProjectSection
EndProject
Project("{FAE04EC0-301F-11D3-BF4B-00C04F79EFBC}") = "FactoryModelTests", "FactoryModelTests\FactoryModelTests.csproj", "{D8DE9E5E-515B-4698-B71A-4A7B0FAC8325}"
EndProject
Global
	GlobalSection(SolutionConfigurationPlatforms) = preSolution
		Debug|Any CPU = Debug|Any CPU
		Release|Any CPU = Release|Any CPU
	EndGlobalSection
	GlobalSection(ProjectConfigurationPlatforms) = postSolution
		{3FCE7BE1-8120-0F41-9BCC-7DB0A40139FE}.Debug|Any CPU.ActiveCfg = Debug|Any CPU
		{3FCE7BE1-8120-0F41-9BCC-7DB0A40139FE}.Debug|Any CPU.Build.0 = Debug|Any CPU
		{3FCE7BE1-8120-0F41-9BCC-7DB0A40139FE}.Release|Any CPU.ActiveCfg = Release|Any CPU
		{3FCE7BE1-8120-0F41-9BCC-7DB0A40139FE}.Release|Any CPU.Build.0 = Release|Any CPU
		{F637263A-CAED-2B20-5A6E-EC202425A037}.Debug|Any CPU.ActiveCfg = Debug|Any CPU
		{F637263A-CAED-2B20-5A6E-EC202425A037}.Debug|Any CPU.Build.0 = Debug|Any CPU
		{F637263A-CAED-2B20-5A6E-EC202425A037}.Release|Any CPU.ActiveCfg = Debug|Any CPU
		{F637263A-CAED-2B20-5A6E-EC202425A037}.Release|Any CPU.Build.0 = Debug|Any CPU
		{D8DE9E5E-515B-4698-B71A-4A7B0FAC8325}.Debug|Any CPU.ActiveCfg = Debug|Any CPU
		{D8DE9E5E-515B-4698-B71A-4A7B0FAC8325}.Debug|Any CPU.Build.0 = Debug|Any CPU
		{D8DE9E5E-515B-4698-B71A-4A7B0FAC8325}.Release|Any CPU.ActiveCfg = Release|Any CPU
		{D8DE9E5E-515B-4698-B71A-4A7B0FAC8325}.Release|Any CPU.Build.0 = Release|Any CPU
	EndGlobalSection
	GlobalSection(SolutionProperties) = preSolution
		HideSolutionNode = FALSE
	EndGlobalSection
	GlobalSection(ExtensibilityGlobals) = postSolution
		SolutionGuid = {DFD495B9-9DC1-41FA-B31B-4F810B0B96A9}
	EndGlobalSection
EndGlobal
